// !$*UTF8*$!
{
	archiveVersion = 1;
	classes = {
	};
	objectVersion = 56;
	objects = {

/* Begin PBXBuildFile section */
		4852535F29057FD70024C161 /* AppDelegate.swift in Sources */ = {isa = PBXBuildFile; fileRef = 4852535E29057FD70024C161 /* AppDelegate.swift */; };
		4852536129057FD70024C161 /* SceneDelegate.swift in Sources */ = {isa = PBXBuildFile; fileRef = 4852536029057FD70024C161 /* SceneDelegate.swift */; };
		4852536329057FD70024C161 /* RoomsViewController.swift in Sources */ = {isa = PBXBuildFile; fileRef = 4852536229057FD70024C161 /* RoomsViewController.swift */; };
		4852536629057FD70024C161 /* Main.storyboard in Resources */ = {isa = PBXBuildFile; fileRef = 4852536429057FD70024C161 /* Main.storyboard */; };
		4852536829057FD80024C161 /* Assets.xcassets in Resources */ = {isa = PBXBuildFile; fileRef = 4852536729057FD80024C161 /* Assets.xcassets */; };
		4852536B29057FD80024C161 /* LaunchScreen.storyboard in Resources */ = {isa = PBXBuildFile; fileRef = 4852536929057FD80024C161 /* LaunchScreen.storyboard */; };
		4852537629057FD80024C161 /* DirectoryAppTests.swift in Sources */ = {isa = PBXBuildFile; fileRef = 4852537529057FD80024C161 /* DirectoryAppTests.swift */; };
		4852538029057FD80024C161 /* DirectoryAppUITests.swift in Sources */ = {isa = PBXBuildFile; fileRef = 4852537F29057FD80024C161 /* DirectoryAppUITests.swift */; };
		4852538229057FD80024C161 /* DirectoryAppUITestsLaunchTests.swift in Sources */ = {isa = PBXBuildFile; fileRef = 4852538129057FD80024C161 /* DirectoryAppUITestsLaunchTests.swift */; };
		4852538F290581E70024C161 /* RoomsTableViewCell.swift in Sources */ = {isa = PBXBuildFile; fileRef = 4852538E290581E70024C161 /* RoomsTableViewCell.swift */; };
		48525391290582030024C161 /* RoomsViewModel.swift in Sources */ = {isa = PBXBuildFile; fileRef = 48525390290582030024C161 /* RoomsViewModel.swift */; };
		48525393290582290024C161 /* RoomModel.swift in Sources */ = {isa = PBXBuildFile; fileRef = 48525392290582290024C161 /* RoomModel.swift */; };
		48525395290582420024C161 /* NetworkManager.swift in Sources */ = {isa = PBXBuildFile; fileRef = 48525394290582420024C161 /* NetworkManager.swift */; };
/* End PBXBuildFile section */

/* Begin PBXContainerItemProxy section */
		4852537229057FD80024C161 /* PBXContainerItemProxy */ = {
			isa = PBXContainerItemProxy;
			containerPortal = 4852535329057FD70024C161 /* Project object */;
			proxyType = 1;
			remoteGlobalIDString = 4852535A29057FD70024C161;
			remoteInfo = DirectoryApp;
		};
		4852537C29057FD80024C161 /* PBXContainerItemProxy */ = {
			isa = PBXContainerItemProxy;
			containerPortal = 4852535329057FD70024C161 /* Project object */;
			proxyType = 1;
			remoteGlobalIDString = 4852535A29057FD70024C161;
			remoteInfo = DirectoryApp;
		};
/* End PBXContainerItemProxy section */

/* Begin PBXFileReference section */
		4852535B29057FD70024C161 /* DirectoryApp.app */ = {isa = PBXFileReference; explicitFileType = wrapper.application; includeInIndex = 0; path = DirectoryApp.app; sourceTree = BUILT_PRODUCTS_DIR; };
		4852535E29057FD70024C161 /* AppDelegate.swift */ = {isa = PBXFileReference; lastKnownFileType = sourcecode.swift; path = AppDelegate.swift; sourceTree = "<group>"; };
		4852536029057FD70024C161 /* SceneDelegate.swift */ = {isa = PBXFileReference; lastKnownFileType = sourcecode.swift; path = SceneDelegate.swift; sourceTree = "<group>"; };
		4852536229057FD70024C161 /* RoomsViewController.swift */ = {isa = PBXFileReference; lastKnownFileType = sourcecode.swift; path = RoomsViewController.swift; sourceTree = "<group>"; };
		4852536529057FD70024C161 /* Base */ = {isa = PBXFileReference; lastKnownFileType = file.storyboard; name = Base; path = Base.lproj/Main.storyboard; sourceTree = "<group>"; };
		4852536729057FD80024C161 /* Assets.xcassets */ = {isa = PBXFileReference; lastKnownFileType = folder.assetcatalog; path = Assets.xcassets; sourceTree = "<group>"; };
		4852536A29057FD80024C161 /* Base */ = {isa = PBXFileReference; lastKnownFileType = file.storyboard; name = Base; path = Base.lproj/LaunchScreen.storyboard; sourceTree = "<group>"; };
		4852536C29057FD80024C161 /* Info.plist */ = {isa = PBXFileReference; lastKnownFileType = text.plist.xml; path = Info.plist; sourceTree = "<group>"; };
		4852537129057FD80024C161 /* DirectoryAppTests.xctest */ = {isa = PBXFileReference; explicitFileType = wrapper.cfbundle; includeInIndex = 0; path = DirectoryAppTests.xctest; sourceTree = BUILT_PRODUCTS_DIR; };
		4852537529057FD80024C161 /* DirectoryAppTests.swift */ = {isa = PBXFileReference; lastKnownFileType = sourcecode.swift; path = DirectoryAppTests.swift; sourceTree = "<group>"; };
		4852537B29057FD80024C161 /* DirectoryAppUITests.xctest */ = {isa = PBXFileReference; explicitFileType = wrapper.cfbundle; includeInIndex = 0; path = DirectoryAppUITests.xctest; sourceTree = BUILT_PRODUCTS_DIR; };
		4852537F29057FD80024C161 /* DirectoryAppUITests.swift */ = {isa = PBXFileReference; lastKnownFileType = sourcecode.swift; path = DirectoryAppUITests.swift; sourceTree = "<group>"; };
		4852538129057FD80024C161 /* DirectoryAppUITestsLaunchTests.swift */ = {isa = PBXFileReference; lastKnownFileType = sourcecode.swift; path = DirectoryAppUITestsLaunchTests.swift; sourceTree = "<group>"; };
		4852538E290581E70024C161 /* RoomsTableViewCell.swift */ = {isa = PBXFileReference; lastKnownFileType = sourcecode.swift; path = RoomsTableViewCell.swift; sourceTree = "<group>"; };
		48525390290582030024C161 /* RoomsViewModel.swift */ = {isa = PBXFileReference; lastKnownFileType = sourcecode.swift; path = RoomsViewModel.swift; sourceTree = "<group>"; };
		48525392290582290024C161 /* RoomModel.swift */ = {isa = PBXFileReference; lastKnownFileType = sourcecode.swift; path = RoomModel.swift; sourceTree = "<group>"; };
		48525394290582420024C161 /* NetworkManager.swift */ = {isa = PBXFileReference; lastKnownFileType = sourcecode.swift; path = NetworkManager.swift; sourceTree = "<group>"; };
/* End PBXFileReference section */

/* Begin PBXFrameworksBuildPhase section */
		4852535829057FD70024C161 /* Frameworks */ = {
			isa = PBXFrameworksBuildPhase;
			buildActionMask = 2147483647;
			files = (
			);
			runOnlyForDeploymentPostprocessing = 0;
		};
		4852536E29057FD80024C161 /* Frameworks */ = {
			isa = PBXFrameworksBuildPhase;
			buildActionMask = 2147483647;
			files = (
			);
			runOnlyForDeploymentPostprocessing = 0;
		};
		4852537829057FD80024C161 /* Frameworks */ = {
			isa = PBXFrameworksBuildPhase;
			buildActionMask = 2147483647;
			files = (
			);
			runOnlyForDeploymentPostprocessing = 0;
		};
/* End PBXFrameworksBuildPhase section */

/* Begin PBXGroup section */
		4852535229057FD70024C161 = {
			isa = PBXGroup;
			children = (
				4852535D29057FD70024C161 /* DirectoryApp */,
				4852537429057FD80024C161 /* DirectoryAppTests */,
				4852537E29057FD80024C161 /* DirectoryAppUITests */,
				4852535C29057FD70024C161 /* Products */,
			);
			sourceTree = "<group>";
		};
		4852535C29057FD70024C161 /* Products */ = {
			isa = PBXGroup;
			children = (
				4852535B29057FD70024C161 /* DirectoryApp.app */,
				4852537129057FD80024C161 /* DirectoryAppTests.xctest */,
				4852537B29057FD80024C161 /* DirectoryAppUITests.xctest */,
			);
			name = Products;
			sourceTree = "<group>";
		};
		4852535D29057FD70024C161 /* DirectoryApp */ = {
			isa = PBXGroup;
			children = (
				4852535E29057FD70024C161 /* AppDelegate.swift */,
				4852536029057FD70024C161 /* SceneDelegate.swift */,
				4852538E290581E70024C161 /* RoomsTableViewCell.swift */,
				48525390290582030024C161 /* RoomsViewModel.swift */,
				4852536229057FD70024C161 /* RoomsViewController.swift */,
				48525392290582290024C161 /* RoomModel.swift */,
				48525394290582420024C161 /* NetworkManager.swift */,
				4852536429057FD70024C161 /* Main.storyboard */,
				4852536729057FD80024C161 /* Assets.xcassets */,
				4852536929057FD80024C161 /* LaunchScreen.storyboard */,
				4852536C29057FD80024C161 /* Info.plist */,
			);
			path = DirectoryApp;
			sourceTree = "<group>";
		};
		4852537429057FD80024C161 /* DirectoryAppTests */ = {
			isa = PBXGroup;
			children = (
				4852537529057FD80024C161 /* DirectoryAppTests.swift */,
			);
			path = DirectoryAppTests;
			sourceTree = "<group>";
		};
		4852537E29057FD80024C161 /* DirectoryAppUITests */ = {
			isa = PBXGroup;
			children = (
				4852537F29057FD80024C161 /* DirectoryAppUITests.swift */,
				4852538129057FD80024C161 /* DirectoryAppUITestsLaunchTests.swift */,
			);
			path = DirectoryAppUITests;
			sourceTree = "<group>";
		};
/* End PBXGroup section */

/* Begin PBXNativeTarget section */
		4852535A29057FD70024C161 /* DirectoryApp */ = {
			isa = PBXNativeTarget;
			buildConfigurationList = 4852538529057FD80024C161 /* Build configuration list for PBXNativeTarget "DirectoryApp" */;
			buildPhases = (
				4852535729057FD70024C161 /* Sources */,
				4852535829057FD70024C161 /* Frameworks */,
				4852535929057FD70024C161 /* Resources */,
			);
			buildRules = (
			);
			dependencies = (
			);
			name = DirectoryApp;
			productName = DirectoryApp;
			productReference = 4852535B29057FD70024C161 /* DirectoryApp.app */;
			productType = "com.apple.product-type.application";
		};
		4852537029057FD80024C161 /* DirectoryAppTests */ = {
			isa = PBXNativeTarget;
			buildConfigurationList = 4852538829057FD80024C161 /* Build configuration list for PBXNativeTarget "DirectoryAppTests" */;
			buildPhases = (
				4852536D29057FD80024C161 /* Sources */,
				4852536E29057FD80024C161 /* Frameworks */,
				4852536F29057FD80024C161 /* Resources */,
			);
			buildRules = (
			);
			dependencies = (
				4852537329057FD80024C161 /* PBXTargetDependency */,
			);
			name = DirectoryAppTests;
			productName = DirectoryAppTests;
			productReference = 4852537129057FD80024C161 /* DirectoryAppTests.xctest */;
			productType = "com.apple.product-type.bundle.unit-test";
		};
		4852537A29057FD80024C161 /* DirectoryAppUITests */ = {
			isa = PBXNativeTarget;
			buildConfigurationList = 4852538B29057FD80024C161 /* Build configuration list for PBXNativeTarget "DirectoryAppUITests" */;
			buildPhases = (
				4852537729057FD80024C161 /* Sources */,
				4852537829057FD80024C161 /* Frameworks */,
				4852537929057FD80024C161 /* Resources */,
			);
			buildRules = (
			);
			dependencies = (
				4852537D29057FD80024C161 /* PBXTargetDependency */,
			);
			name = DirectoryAppUITests;
			productName = DirectoryAppUITests;
			productReference = 4852537B29057FD80024C161 /* DirectoryAppUITests.xctest */;
			productType = "com.apple.product-type.bundle.ui-testing";
		};
/* End PBXNativeTarget section */

/* Begin PBXProject section */
		4852535329057FD70024C161 /* Project object */ = {
			isa = PBXProject;
			attributes = {
				BuildIndependentTargetsInParallel = 1;
				LastSwiftUpdateCheck = 1400;
				LastUpgradeCheck = 1400;
				TargetAttributes = {
					4852535A29057FD70024C161 = {
						CreatedOnToolsVersion = 14.0.1;
					};
					4852537029057FD80024C161 = {
						CreatedOnToolsVersion = 14.0.1;
						TestTargetID = 4852535A29057FD70024C161;
					};
					4852537A29057FD80024C161 = {
						CreatedOnToolsVersion = 14.0.1;
						TestTargetID = 4852535A29057FD70024C161;
					};
				};
			};
			buildConfigurationList = 4852535629057FD70024C161 /* Build configuration list for PBXProject "DirectoryApp" */;
			compatibilityVersion = "Xcode 14.0";
			developmentRegion = en;
			hasScannedForEncodings = 0;
			knownRegions = (
				en,
				Base,
			);
			mainGroup = 4852535229057FD70024C161;
			productRefGroup = 4852535C29057FD70024C161 /* Products */;
			projectDirPath = "";
			projectRoot = "";
			targets = (
				4852535A29057FD70024C161 /* DirectoryApp */,
				4852537029057FD80024C161 /* DirectoryAppTests */,
				4852537A29057FD80024C161 /* DirectoryAppUITests */,
			);
		};
/* End PBXProject section */

/* Begin PBXResourcesBuildPhase section */
		4852535929057FD70024C161 /* Resources */ = {
			isa = PBXResourcesBuildPhase;
			buildActionMask = 2147483647;
			files = (
				4852536B29057FD80024C161 /* LaunchScreen.storyboard in Resources */,
				4852536829057FD80024C161 /* Assets.xcassets in Resources */,
				4852536629057FD70024C161 /* Main.storyboard in Resources */,
			);
			runOnlyForDeploymentPostprocessing = 0;
		};
		4852536F29057FD80024C161 /* Resources */ = {
			isa = PBXResourcesBuildPhase;
			buildActionMask = 2147483647;
			files = (
			);
			runOnlyForDeploymentPostprocessing = 0;
		};
		4852537929057FD80024C161 /* Resources */ = {
			isa = PBXResourcesBuildPhase;
			buildActionMask = 2147483647;
			files = (
			);
			runOnlyForDeploymentPostprocessing = 0;
		};
/* End PBXResourcesBuildPhase section */

/* Begin PBXSourcesBuildPhase section */
		4852535729057FD70024C161 /* Sources */ = {
			isa = PBXSourcesBuildPhase;
			buildActionMask = 2147483647;
			files = (
				4852536329057FD70024C161 /* RoomsViewController.swift in Sources */,
				4852535F29057FD70024C161 /* AppDelegate.swift in Sources */,
				48525393290582290024C161 /* RoomModel.swift in Sources */,
				48525395290582420024C161 /* NetworkManager.swift in Sources */,
				4852538F290581E70024C161 /* RoomsTableViewCell.swift in Sources */,
				4852536129057FD70024C161 /* SceneDelegate.swift in Sources */,
				48525391290582030024C161 /* RoomsViewModel.swift in Sources */,
			);
			runOnlyForDeploymentPostprocessing = 0;
		};
		4852536D29057FD80024C161 /* Sources */ = {
			isa = PBXSourcesBuildPhase;
			buildActionMask = 2147483647;
			files = (
				4852537629057FD80024C161 /* DirectoryAppTests.swift in Sources */,
			);
			runOnlyForDeploymentPostprocessing = 0;
		};
		4852537729057FD80024C161 /* Sources */ = {
			isa = PBXSourcesBuildPhase;
			buildActionMask = 2147483647;
			files = (
				4852538229057FD80024C161 /* DirectoryAppUITestsLaunchTests.swift in Sources */,
				4852538029057FD80024C161 /* DirectoryAppUITests.swift in Sources */,
			);
			runOnlyForDeploymentPostprocessing = 0;
		};
/* End PBXSourcesBuildPhase section */

/* Begin PBXTargetDependency section */
		4852537329057FD80024C161 /* PBXTargetDependency */ = {
			isa = PBXTargetDependency;
			target = 4852535A29057FD70024C161 /* DirectoryApp */;
			targetProxy = 4852537229057FD80024C161 /* PBXContainerItemProxy */;
		};
		4852537D29057FD80024C161 /* PBXTargetDependency */ = {
			isa = PBXTargetDependency;
			target = 4852535A29057FD70024C161 /* DirectoryApp */;
			targetProxy = 4852537C29057FD80024C161 /* PBXContainerItemProxy */;
		};
/* End PBXTargetDependency section */

/* Begin PBXVariantGroup section */
		4852536429057FD70024C161 /* Main.storyboard */ = {
			isa = PBXVariantGroup;
			children = (
				4852536529057FD70024C161 /* Base */,
			);
			name = Main.storyboard;
			sourceTree = "<group>";
		};
		4852536929057FD80024C161 /* LaunchScreen.storyboard */ = {
			isa = PBXVariantGroup;
			children = (
				4852536A29057FD80024C161 /* Base */,
			);
			name = LaunchScreen.storyboard;
			sourceTree = "<group>";
		};
/* End PBXVariantGroup section */

/* Begin XCBuildConfiguration section */
		4852538329057FD80024C161 /* Debug */ = {
			isa = XCBuildConfiguration;
			buildSettings = {
				ALWAYS_SEARCH_USER_PATHS = NO;
				CLANG_ANALYZER_NONNULL = YES;
				CLANG_ANALYZER_NUMBER_OBJECT_CONVERSION = YES_AGGRESSIVE;
				CLANG_CXX_LANGUAGE_STANDARD = "gnu++20";
				CLANG_ENABLE_MODULES = YES;
				CLANG_ENABLE_OBJC_ARC = YES;
				CLANG_ENABLE_OBJC_WEAK = YES;
				CLANG_WARN_BLOCK_CAPTURE_AUTORELEASING = YES;
				CLANG_WARN_BOOL_CONVERSION = YES;
				CLANG_WARN_COMMA = YES;
				CLANG_WARN_CONSTANT_CONVERSION = YES;
				CLANG_WARN_DEPRECATED_OBJC_IMPLEMENTATIONS = YES;
				CLANG_WARN_DIRECT_OBJC_ISA_USAGE = YES_ERROR;
				CLANG_WARN_DOCUMENTATION_COMMENTS = YES;
				CLANG_WARN_EMPTY_BODY = YES;
				CLANG_WARN_ENUM_CONVERSION = YES;
				CLANG_WARN_INFINITE_RECURSION = YES;
				CLANG_WARN_INT_CONVERSION = YES;
				CLANG_WARN_NON_LITERAL_NULL_CONVERSION = YES;
				CLANG_WARN_OBJC_IMPLICIT_RETAIN_SELF = YES;
				CLANG_WARN_OBJC_LITERAL_CONVERSION = YES;
				CLANG_WARN_OBJC_ROOT_CLASS = YES_ERROR;
				CLANG_WARN_QUOTED_INCLUDE_IN_FRAMEWORK_HEADER = YES;
				CLANG_WARN_RANGE_LOOP_ANALYSIS = YES;
				CLANG_WARN_STRICT_PROTOTYPES = YES;
				CLANG_WARN_SUSPICIOUS_MOVE = YES;
				CLANG_WARN_UNGUARDED_AVAILABILITY = YES_AGGRESSIVE;
				CLANG_WARN_UNREACHABLE_CODE = YES;
				CLANG_WARN__DUPLICATE_METHOD_MATCH = YES;
				COPY_PHASE_STRIP = NO;
				DEBUG_INFORMATION_FORMAT = dwarf;
				ENABLE_STRICT_OBJC_MSGSEND = YES;
				ENABLE_TESTABILITY = YES;
				GCC_C_LANGUAGE_STANDARD = gnu11;
				GCC_DYNAMIC_NO_PIC = NO;
				GCC_NO_COMMON_BLOCKS = YES;
				GCC_OPTIMIZATION_LEVEL = 0;
				GCC_PREPROCESSOR_DEFINITIONS = (
					"DEBUG=1",
					"$(inherited)",
				);
				GCC_WARN_64_TO_32_BIT_CONVERSION = YES;
				GCC_WARN_ABOUT_RETURN_TYPE = YES_ERROR;
				GCC_WARN_UNDECLARED_SELECTOR = YES;
				GCC_WARN_UNINITIALIZED_AUTOS = YES_AGGRESSIVE;
				GCC_WARN_UNUSED_FUNCTION = YES;
				GCC_WARN_UNUSED_VARIABLE = YES;
				IPHONEOS_DEPLOYMENT_TARGET = 16.0;
				MTL_ENABLE_DEBUG_INFO = INCLUDE_SOURCE;
				MTL_FAST_MATH = YES;
				ONLY_ACTIVE_ARCH = YES;
				SDKROOT = iphoneos;
				SWIFT_ACTIVE_COMPILATION_CONDITIONS = DEBUG;
				SWIFT_OPTIMIZATION_LEVEL = "-Onone";
			};
			name = Debug;
		};
		4852538429057FD80024C161 /* Release */ = {
			isa = XCBuildConfiguration;
			buildSettings = {
				ALWAYS_SEARCH_USER_PATHS = NO;
				CLANG_ANALYZER_NONNULL = YES;
				CLANG_ANALYZER_NUMBER_OBJECT_CONVERSION = YES_AGGRESSIVE;
				CLANG_CXX_LANGUAGE_STANDARD = "gnu++20";
				CLANG_ENABLE_MODULES = YES;
				CLANG_ENABLE_OBJC_ARC = YES;
				CLANG_ENABLE_OBJC_WEAK = YES;
				CLANG_WARN_BLOCK_CAPTURE_AUTORELEASING = YES;
				CLANG_WARN_BOOL_CONVERSION = YES;
				CLANG_WARN_COMMA = YES;
				CLANG_WARN_CONSTANT_CONVERSION = YES;
				CLANG_WARN_DEPRECATED_OBJC_IMPLEMENTATIONS = YES;
				CLANG_WARN_DIRECT_OBJC_ISA_USAGE = YES_ERROR;
				CLANG_WARN_DOCUMENTATION_COMMENTS = YES;
				CLANG_WARN_EMPTY_BODY = YES;
				CLANG_WARN_ENUM_CONVERSION = YES;
				CLANG_WARN_INFINITE_RECURSION = YES;
				CLANG_WARN_INT_CONVERSION = YES;
				CLANG_WARN_NON_LITERAL_NULL_CONVERSION = YES;
				CLANG_WARN_OBJC_IMPLICIT_RETAIN_SELF = YES;
				CLANG_WARN_OBJC_LITERAL_CONVERSION = YES;
				CLANG_WARN_OBJC_ROOT_CLASS = YES_ERROR;
				CLANG_WARN_QUOTED_INCLUDE_IN_FRAMEWORK_HEADER = YES;
				CLANG_WARN_RANGE_LOOP_ANALYSIS = YES;
				CLANG_WARN_STRICT_PROTOTYPES = YES;
				CLANG_WARN_SUSPICIOUS_MOVE = YES;
				CLANG_WARN_UNGUARDED_AVAILABILITY = YES_AGGRESSIVE;
				CLANG_WARN_UNREACHABLE_CODE = YES;
				CLANG_WARN__DUPLICATE_METHOD_MATCH = YES;
				COPY_PHASE_STRIP = NO;
				DEBUG_INFORMATION_FORMAT = "dwarf-with-dsym";
				ENABLE_NS_ASSERTIONS = NO;
				ENABLE_STRICT_OBJC_MSGSEND = YES;
				GCC_C_LANGUAGE_STANDARD = gnu11;
				GCC_NO_COMMON_BLOCKS = YES;
				GCC_WARN_64_TO_32_BIT_CONVERSION = YES;
				GCC_WARN_ABOUT_RETURN_TYPE = YES_ERROR;
				GCC_WARN_UNDECLARED_SELECTOR = YES;
				GCC_WARN_UNINITIALIZED_AUTOS = YES_AGGRESSIVE;
				GCC_WARN_UNUSED_FUNCTION = YES;
				GCC_WARN_UNUSED_VARIABLE = YES;
				IPHONEOS_DEPLOYMENT_TARGET = 16.0;
				MTL_ENABLE_DEBUG_INFO = NO;
				MTL_FAST_MATH = YES;
				SDKROOT = iphoneos;
				SWIFT_COMPILATION_MODE = wholemodule;
				SWIFT_OPTIMIZATION_LEVEL = "-O";
				VALIDATE_PRODUCT = YES;
			};
			name = Release;
		};
		4852538629057FD80024C161 /* Debug */ = {
			isa = XCBuildConfiguration;
			buildSettings = {
				ASSETCATALOG_COMPILER_APPICON_NAME = AppIcon;
				ASSETCATALOG_COMPILER_GLOBAL_ACCENT_COLOR_NAME = AccentColor;
				CODE_SIGN_STYLE = Automatic;
				CURRENT_PROJECT_VERSION = 1;
				GENERATE_INFOPLIST_FILE = YES;
				INFOPLIST_FILE = DirectoryApp/Info.plist;
				INFOPLIST_KEY_UIApplicationSupportsIndirectInputEvents = YES;
				INFOPLIST_KEY_UILaunchStoryboardName = LaunchScreen;
				INFOPLIST_KEY_UIMainStoryboardFile = Main;
				INFOPLIST_KEY_UISupportedInterfaceOrientations_iPad = "UIInterfaceOrientationPortrait UIInterfaceOrientationPortraitUpsideDown UIInterfaceOrientationLandscapeLeft UIInterfaceOrientationLandscapeRight";
				INFOPLIST_KEY_UISupportedInterfaceOrientations_iPhone = "UIInterfaceOrientationPortrait UIInterfaceOrientationLandscapeLeft UIInterfaceOrientationLandscapeRight";
				IPHONEOS_DEPLOYMENT_TARGET = 13.6;
				LD_RUNPATH_SEARCH_PATHS = (
					"$(inherited)",
					"@executable_path/Frameworks",
				);
				MARKETING_VERSION = 1.0;
				PRODUCT_BUNDLE_IDENTIFIER = com..DirectoryApp;
				PRODUCT_NAME = "$(TARGET_NAME)";
				SWIFT_EMIT_LOC_STRINGS = YES;
				SWIFT_VERSION = 5.0;
				TARGETED_DEVICE_FAMILY = "1,2";
			};
			name = Debug;
		};
		4852538729057FD80024C161 /* Release */ = {
			isa = XCBuildConfiguration;
			buildSettings = {
				ASSETCATALOG_COMPILER_APPICON_NAME = AppIcon;
				ASSETCATALOG_COMPILER_GLOBAL_ACCENT_COLOR_NAME = AccentColor;
				CODE_SIGN_STYLE = Automatic;
				CURRENT_PROJECT_VERSION = 1;
				GENERATE_INFOPLIST_FILE = YES;
				INFOPLIST_FILE = DirectoryApp/Info.plist;
				INFOPLIST_KEY_UIApplicationSupportsIndirectInputEvents = YES;
				INFOPLIST_KEY_UILaunchStoryboardName = LaunchScreen;
				INFOPLIST_KEY_UIMainStoryboardFile = Main;
				INFOPLIST_KEY_UISupportedInterfaceOrientations_iPad = "UIInterfaceOrientationPortrait UIInterfaceOrientationPortraitUpsideDown UIInterfaceOrientationLandscapeLeft UIInterfaceOrientationLandscapeRight";
				INFOPLIST_KEY_UISupportedInterfaceOrientations_iPhone = "UIInterfaceOrientationPortrait UIInterfaceOrientationLandscapeLeft UIInterfaceOrientationLandscapeRight";
				IPHONEOS_DEPLOYMENT_TARGET = 13.6;
				LD_RUNPATH_SEARCH_PATHS = (
					"$(inherited)",
					"@executable_path/Frameworks",
				);
				MARKETING_VERSION = 1.0;
				PRODUCT_BUNDLE_IDENTIFIER = com..DirectoryApp;
				PRODUCT_NAME = "$(TARGET_NAME)";
				SWIFT_EMIT_LOC_STRINGS = YES;
				SWIFT_VERSION = 5.0;
				TARGETED_DEVICE_FAMILY = "1,2";
			};
			name = Release;
		};
		4852538929057FD80024C161 /* Debug */ = {
			isa = XCBuildConfiguration;
			buildSettings = {
				ALWAYS_EMBED_SWIFT_STANDARD_LIBRARIES = YES;
				BUNDLE_LOADER = "$(TEST_HOST)";
				CODE_SIGN_STYLE = Automatic;
				CURRENT_PROJECT_VERSION = 1;
				GENERATE_INFOPLIST_FILE = YES;
				IPHONEOS_DEPLOYMENT_TARGET = 16.0;
				MARKETING_VERSION = 1.0;
				PRODUCT_BUNDLE_IDENTIFIER = com..DirectoryAppTests;
				PRODUCT_NAME = "$(TARGET_NAME)";
				SWIFT_EMIT_LOC_STRINGS = NO;
				SWIFT_VERSION = 5.0;
				TARGETED_DEVICE_FAMILY = "1,2";
				TEST_HOST = "$(BUILT_PRODUCTS_DIR)/DirectoryApp.app/$(BUNDLE_EXECUTABLE_FOLDER_PATH)/DirectoryApp";
			};
			name = Debug;
		};
		4852538A29057FD80024C161 /* Release */ = {
			isa = XCBuildConfiguration;
			buildSettings = {
				ALWAYS_EMBED_SWIFT_STANDARD_LIBRARIES = YES;
				BUNDLE_LOADER = "$(TEST_HOST)";
				CODE_SIGN_STYLE = Automatic;
				CURRENT_PROJECT_VERSION = 1;
				GENERATE_INFOPLIST_FILE = YES;
				IPHONEOS_DEPLOYMENT_TARGET = 16.0;
				MARKETING_VERSION = 1.0;
				PRODUCT_BUNDLE_IDENTIFIER = com..DirectoryAppTests;
				PRODUCT_NAME = "$(TARGET_NAME)";
				SWIFT_EMIT_LOC_STRINGS = NO;
				SWIFT_VERSION = 5.0;
				TARGETED_DEVICE_FAMILY = "1,2";
				TEST_HOST = "$(BUILT_PRODUCTS_DIR)/DirectoryApp.app/$(BUNDLE_EXECUTABLE_FOLDER_PATH)/DirectoryApp";
			};
			name = Release;
		};
		4852538C29057FD80024C161 /* Debug */ = {
			isa = XCBuildConfiguration;
			buildSettings = {
				ALWAYS_EMBED_SWIFT_STANDARD_LIBRARIES = YES;
				CODE_SIGN_STYLE = Automatic;
				CURRENT_PROJECT_VERSION = 1;
				GENERATE_INFOPLIST_FILE = YES;
				MARKETING_VERSION = 1.0;
				PRODUCT_BUNDLE_IDENTIFIER = com..DirectoryAppUITests;
				PRODUCT_NAME = "$(TARGET_NAME)";
				SWIFT_EMIT_LOC_STRINGS = NO;
				SWIFT_VERSION = 5.0;
				TARGETED_DEVICE_FAMILY = "1,2";
				TEST_TARGET_NAME = DirectoryApp;
			};
			name = Debug;
		};
		4852538D29057FD80024C161 /* Release */ = {
			isa = XCBuildConfiguration;
			buildSettings = {
				ALWAYS_EMBED_SWIFT_STANDARD_LIBRARIES = YES;
				CODE_SIGN_STYLE = Automatic;
				CURRENT_PROJECT_VERSION = 1;
				GENERATE_INFOPLIST_FILE = YES;
				MARKETING_VERSION = 1.0;
				PRODUCT_BUNDLE_IDENTIFIER = com..DirectoryAppUITests;
				PRODUCT_NAME = "$(TARGET_NAME)";
				SWIFT_EMIT_LOC_STRINGS = NO;
				SWIFT_VERSION = 5.0;
				TARGETED_DEVICE_FAMILY = "1,2";
				TEST_TARGET_NAME = DirectoryApp;
			};
			name = Release;
		};
/* End XCBuildConfiguration section */

/* Begin XCConfigurationList section */
		4852535629057FD70024C161 /* Build configuration list for PBXProject "DirectoryApp" */ = {
			isa = XCConfigurationList;
			buildConfigurations = (
				4852538329057FD80024C161 /* Debug */,
				4852538429057FD80024C161 /* Release */,
			);
			defaultConfigurationIsVisible = 0;
			defaultConfigurationName = Release;
		};
		4852538529057FD80024C161 /* Build configuration list for PBXNativeTarget "DirectoryApp" */ = {
			isa = XCConfigurationList;
			buildConfigurations = (
				4852538629057FD80024C161 /* Debug */,
				4852538729057FD80024C161 /* Release */,
			);
			defaultConfigurationIsVisible = 0;
			defaultConfigurationName = Release;
		};
		4852538829057FD80024C161 /* Build configuration list for PBXNativeTarget "DirectoryAppTests" */ = {
			isa = XCConfigurationList;
			buildConfigurations = (
				4852538929057FD80024C161 /* Debug */,
				4852538A29057FD80024C161 /* Release */,
			);
			defaultConfigurationIsVisible = 0;
			defaultConfigurationName = Release;
		};
		4852538B29057FD80024C161 /* Build configuration list for PBXNativeTarget "DirectoryAppUITests" */ = {
			isa = XCConfigurationList;
			buildConfigurations = (
				4852538C29057FD80024C161 /* Debug */,
				4852538D29057FD80024C161 /* Release */,
			);
			defaultConfigurationIsVisible = 0;
			defaultConfigurationName = Release;
		};
/* End XCConfigurationList section */
	};
	rootObject = 4852535329057FD70024C161 /* Project object */;
}
